// !$*UTF8*$!
{
	archiveVersion = 1;
	classes = {
	};
	objectVersion = 46;
	objects = {

/* Begin PBXBuildFile section */
		781B00763D44F3321EE7CE35 /* libPods-fantasyfitnessTests.a in Frameworks */ = {isa = PBXBuildFile; fileRef = 383783C6333634494408330E /* libPods-fantasyfitnessTests.a */; };
		9321B827203B42AC586F582A /* libPods.a in Frameworks */ = {isa = PBXBuildFile; fileRef = 3DFA30C70EC9AFF9DFB4A9DC /* libPods.a */; };
		AB035E411A424A0100DE015B /* AppDelegate.swift in Sources */ = {isa = PBXBuildFile; fileRef = AB035E401A424A0100DE015B /* AppDelegate.swift */; };
		AB035E441A424A0100DE015B /* fantasyfitness.xcdatamodeld in Sources */ = {isa = PBXBuildFile; fileRef = AB035E421A424A0100DE015B /* fantasyfitness.xcdatamodeld */; };
		AB035E461A424A0100DE015B /* ViewController.swift in Sources */ = {isa = PBXBuildFile; fileRef = AB035E451A424A0100DE015B /* ViewController.swift */; };
		AB035E491A424A0100DE015B /* Main.storyboard in Resources */ = {isa = PBXBuildFile; fileRef = AB035E471A424A0100DE015B /* Main.storyboard */; };
		AB035E4B1A424A0100DE015B /* Images.xcassets in Resources */ = {isa = PBXBuildFile; fileRef = AB035E4A1A424A0100DE015B /* Images.xcassets */; };
		AB035E4E1A424A0100DE015B /* LaunchScreen.xib in Resources */ = {isa = PBXBuildFile; fileRef = AB035E4C1A424A0100DE015B /* LaunchScreen.xib */; };
		AB035E5A1A424A0100DE015B /* fantasyfitnessTests.swift in Sources */ = {isa = PBXBuildFile; fileRef = AB035E591A424A0100DE015B /* fantasyfitnessTests.swift */; };
		AB035E641A44D60900DE015B /* HealthKit.framework in Frameworks */ = {isa = PBXBuildFile; fileRef = AB035E631A44D60900DE015B /* HealthKit.framework */; };
/* End PBXBuildFile section */

/* Begin PBXContainerItemProxy section */
		AB035E541A424A0100DE015B /* PBXContainerItemProxy */ = {
			isa = PBXContainerItemProxy;
			containerPortal = AB035E331A424A0100DE015B /* Project object */;
			proxyType = 1;
			remoteGlobalIDString = AB035E3A1A424A0100DE015B;
			remoteInfo = fantasyfitness;
		};
/* End PBXContainerItemProxy section */

/* Begin PBXFileReference section */
		2BABCF6E705DF8543321E67A /* Pods-fantasyfitnessTests.debug.xcconfig */ = {isa = PBXFileReference; includeInIndex = 1; lastKnownFileType = text.xcconfig; name = "Pods-fantasyfitnessTests.debug.xcconfig"; path = "Pods/Target Support Files/Pods-fantasyfitnessTests/Pods-fantasyfitnessTests.debug.xcconfig"; sourceTree = "<group>"; };
		383783C6333634494408330E /* libPods-fantasyfitnessTests.a */ = {isa = PBXFileReference; explicitFileType = archive.ar; includeInIndex = 0; path = "libPods-fantasyfitnessTests.a"; sourceTree = BUILT_PRODUCTS_DIR; };
		3DFA30C70EC9AFF9DFB4A9DC /* libPods.a */ = {isa = PBXFileReference; explicitFileType = archive.ar; includeInIndex = 0; path = libPods.a; sourceTree = BUILT_PRODUCTS_DIR; };
		70088F6C04AF06C829471237 /* Pods-fantasyfitnessTests.release.xcconfig */ = {isa = PBXFileReference; includeInIndex = 1; lastKnownFileType = text.xcconfig; name = "Pods-fantasyfitnessTests.release.xcconfig"; path = "Pods/Target Support Files/Pods-fantasyfitnessTests/Pods-fantasyfitnessTests.release.xcconfig"; sourceTree = "<group>"; };
		9B82D9BD817906D300BAB026 /* Pods.debug.xcconfig */ = {isa = PBXFileReference; includeInIndex = 1; lastKnownFileType = text.xcconfig; name = Pods.debug.xcconfig; path = "Pods/Target Support Files/Pods/Pods.debug.xcconfig"; sourceTree = "<group>"; };
		AB035E3B1A424A0100DE015B /* fantasyfitness.app */ = {isa = PBXFileReference; explicitFileType = wrapper.application; includeInIndex = 0; path = fantasyfitness.app; sourceTree = BUILT_PRODUCTS_DIR; };
		AB035E3F1A424A0100DE015B /* Info.plist */ = {isa = PBXFileReference; lastKnownFileType = text.plist.xml; path = Info.plist; sourceTree = "<group>"; };
		AB035E401A424A0100DE015B /* AppDelegate.swift */ = {isa = PBXFileReference; lastKnownFileType = sourcecode.swift; path = AppDelegate.swift; sourceTree = "<group>"; };
		AB035E431A424A0100DE015B /* fantasyfitness.xcdatamodel */ = {isa = PBXFileReference; lastKnownFileType = wrapper.xcdatamodel; path = fantasyfitness.xcdatamodel; sourceTree = "<group>"; };
		AB035E451A424A0100DE015B /* ViewController.swift */ = {isa = PBXFileReference; lastKnownFileType = sourcecode.swift; path = ViewController.swift; sourceTree = "<group>"; };
		AB035E481A424A0100DE015B /* Base */ = {isa = PBXFileReference; lastKnownFileType = file.storyboard; name = Base; path = Base.lproj/Main.storyboard; sourceTree = "<group>"; };
		AB035E4A1A424A0100DE015B /* Images.xcassets */ = {isa = PBXFileReference; lastKnownFileType = folder.assetcatalog; path = Images.xcassets; sourceTree = "<group>"; };
		AB035E4D1A424A0100DE015B /* Base */ = {isa = PBXFileReference; lastKnownFileType = file.xib; name = Base; path = Base.lproj/LaunchScreen.xib; sourceTree = "<group>"; };
		AB035E531A424A0100DE015B /* fantasyfitnessTests.xctest */ = {isa = PBXFileReference; explicitFileType = wrapper.cfbundle; includeInIndex = 0; path = fantasyfitnessTests.xctest; sourceTree = BUILT_PRODUCTS_DIR; };
		AB035E581A424A0100DE015B /* Info.plist */ = {isa = PBXFileReference; lastKnownFileType = text.plist.xml; path = Info.plist; sourceTree = "<group>"; };
		AB035E591A424A0100DE015B /* fantasyfitnessTests.swift */ = {isa = PBXFileReference; lastKnownFileType = sourcecode.swift; path = fantasyfitnessTests.swift; sourceTree = "<group>"; };
		AB035E631A44D60900DE015B /* HealthKit.framework */ = {isa = PBXFileReference; lastKnownFileType = wrapper.framework; name = HealthKit.framework; path = System/Library/Frameworks/HealthKit.framework; sourceTree = SDKROOT; };
		AB035E651A44D60900DE015B /* fantasyfitness.entitlements */ = {isa = PBXFileReference; lastKnownFileType = text.xml; path = fantasyfitness.entitlements; sourceTree = "<group>"; };
		AB035E661A454B4200DE015B /* fantasyfitness-bridging-header.h */ = {isa = PBXFileReference; fileEncoding = 4; lastKnownFileType = sourcecode.c.h; path = "fantasyfitness-bridging-header.h"; sourceTree = "<group>"; };
		F174369C56EC4FB42572D0B9 /* Pods.release.xcconfig */ = {isa = PBXFileReference; includeInIndex = 1; lastKnownFileType = text.xcconfig; name = Pods.release.xcconfig; path = "Pods/Target Support Files/Pods/Pods.release.xcconfig"; sourceTree = "<group>"; };
/* End PBXFileReference section */

/* Begin PBXFrameworksBuildPhase section */
		AB035E381A424A0100DE015B /* Frameworks */ = {
			isa = PBXFrameworksBuildPhase;
			buildActionMask = 2147483647;
			files = (
				AB035E641A44D60900DE015B /* HealthKit.framework in Frameworks */,
				9321B827203B42AC586F582A /* libPods.a in Frameworks */,
			);
			runOnlyForDeploymentPostprocessing = 0;
		};
		AB035E501A424A0100DE015B /* Frameworks */ = {
			isa = PBXFrameworksBuildPhase;
			buildActionMask = 2147483647;
			files = (
				781B00763D44F3321EE7CE35 /* libPods-fantasyfitnessTests.a in Frameworks */,
			);
			runOnlyForDeploymentPostprocessing = 0;
		};
/* End PBXFrameworksBuildPhase section */

/* Begin PBXGroup section */
		A49018F6BB68F3AFF542F8A3 /* Frameworks */ = {
			isa = PBXGroup;
			children = (
				3DFA30C70EC9AFF9DFB4A9DC /* libPods.a */,
				383783C6333634494408330E /* libPods-fantasyfitnessTests.a */,
			);
			name = Frameworks;
			sourceTree = "<group>";
		};
		AB035E321A424A0100DE015B = {
			isa = PBXGroup;
			children = (
				AB035E631A44D60900DE015B /* HealthKit.framework */,
				AB035E3D1A424A0100DE015B /* fantasyfitness */,
				AB035E561A424A0100DE015B /* fantasyfitnessTests */,
				AB035E3C1A424A0100DE015B /* Products */,
				F0ECE81DAA3A41FD3E162E83 /* Pods */,
				A49018F6BB68F3AFF542F8A3 /* Frameworks */,
			);
			sourceTree = "<group>";
		};
		AB035E3C1A424A0100DE015B /* Products */ = {
			isa = PBXGroup;
			children = (
				AB035E3B1A424A0100DE015B /* fantasyfitness.app */,
				AB035E531A424A0100DE015B /* fantasyfitnessTests.xctest */,
			);
			name = Products;
			sourceTree = "<group>";
		};
		AB035E3D1A424A0100DE015B /* fantasyfitness */ = {
			isa = PBXGroup;
			children = (
				AB035E651A44D60900DE015B /* fantasyfitness.entitlements */,
				AB035E401A424A0100DE015B /* AppDelegate.swift */,
				AB035E451A424A0100DE015B /* ViewController.swift */,
				AB035E471A424A0100DE015B /* Main.storyboard */,
				AB035E4A1A424A0100DE015B /* Images.xcassets */,
				AB035E4C1A424A0100DE015B /* LaunchScreen.xib */,
				AB035E421A424A0100DE015B /* fantasyfitness.xcdatamodeld */,
				AB035E3E1A424A0100DE015B /* Supporting Files */,
			);
			path = fantasyfitness;
			sourceTree = "<group>";
		};
		AB035E3E1A424A0100DE015B /* Supporting Files */ = {
			isa = PBXGroup;
			children = (
				AB035E661A454B4200DE015B /* fantasyfitness-bridging-header.h */,
				AB035E3F1A424A0100DE015B /* Info.plist */,
			);
			name = "Supporting Files";
			sourceTree = "<group>";
		};
		AB035E561A424A0100DE015B /* fantasyfitnessTests */ = {
			isa = PBXGroup;
			children = (
				AB035E591A424A0100DE015B /* fantasyfitnessTests.swift */,
				AB035E571A424A0100DE015B /* Supporting Files */,
			);
			path = fantasyfitnessTests;
			sourceTree = "<group>";
		};
		AB035E571A424A0100DE015B /* Supporting Files */ = {
			isa = PBXGroup;
			children = (
				AB035E581A424A0100DE015B /* Info.plist */,
			);
			name = "Supporting Files";
			sourceTree = "<group>";
		};
		F0ECE81DAA3A41FD3E162E83 /* Pods */ = {
			isa = PBXGroup;
			children = (
				9B82D9BD817906D300BAB026 /* Pods.debug.xcconfig */,
				F174369C56EC4FB42572D0B9 /* Pods.release.xcconfig */,
				2BABCF6E705DF8543321E67A /* Pods-fantasyfitnessTests.debug.xcconfig */,
				70088F6C04AF06C829471237 /* Pods-fantasyfitnessTests.release.xcconfig */,
			);
			name = Pods;
			sourceTree = "<group>";
		};
/* End PBXGroup section */

/* Begin PBXNativeTarget section */
		AB035E3A1A424A0100DE015B /* fantasyfitness */ = {
			isa = PBXNativeTarget;
			buildConfigurationList = AB035E5D1A424A0100DE015B /* Build configuration list for PBXNativeTarget "fantasyfitness" */;
			buildPhases = (
				3655D69DE60DB0B4A464F5A8 /* Check Pods Manifest.lock */,
				AB035E371A424A0100DE015B /* Sources */,
				AB035E381A424A0100DE015B /* Frameworks */,
				AB035E391A424A0100DE015B /* Resources */,
				F87C245966F9236FC95E1FAA /* Copy Pods Resources */,
			);
			buildRules = (
			);
			dependencies = (
			);
			name = fantasyfitness;
			productName = fantasyfitness;
			productReference = AB035E3B1A424A0100DE015B /* fantasyfitness.app */;
			productType = "com.apple.product-type.application";
		};
		AB035E521A424A0100DE015B /* fantasyfitnessTests */ = {
			isa = PBXNativeTarget;
			buildConfigurationList = AB035E601A424A0100DE015B /* Build configuration list for PBXNativeTarget "fantasyfitnessTests" */;
			buildPhases = (
				F76D7FB6F384208172BDE556 /* Check Pods Manifest.lock */,
				AB035E4F1A424A0100DE015B /* Sources */,
				AB035E501A424A0100DE015B /* Frameworks */,
				AB035E511A424A0100DE015B /* Resources */,
				5F773B969FC18B5C5AAF5E78 /* Copy Pods Resources */,
			);
			buildRules = (
			);
			dependencies = (
				AB035E551A424A0100DE015B /* PBXTargetDependency */,
			);
			name = fantasyfitnessTests;
			productName = fantasyfitnessTests;
			productReference = AB035E531A424A0100DE015B /* fantasyfitnessTests.xctest */;
			productType = "com.apple.product-type.bundle.unit-test";
		};
/* End PBXNativeTarget section */

/* Begin PBXProject section */
		AB035E331A424A0100DE015B /* Project object */ = {
			isa = PBXProject;
			attributes = {
				LastUpgradeCheck = 0610;
				ORGANIZATIONNAME = llamaface;
				TargetAttributes = {
					AB035E3A1A424A0100DE015B = {
						CreatedOnToolsVersion = 6.1.1;
						DevelopmentTeam = ZF98JJXP6V;
						SystemCapabilities = {
							com.apple.HealthKit = {
								enabled = 1;
							};
						};
					};
					AB035E521A424A0100DE015B = {
						CreatedOnToolsVersion = 6.1.1;
						TestTargetID = AB035E3A1A424A0100DE015B;
					};
				};
			};
			buildConfigurationList = AB035E361A424A0100DE015B /* Build configuration list for PBXProject "fantasyfitness" */;
			compatibilityVersion = "Xcode 3.2";
			developmentRegion = English;
			hasScannedForEncodings = 0;
			knownRegions = (
				en,
				Base,
			);
			mainGroup = AB035E321A424A0100DE015B;
			productRefGroup = AB035E3C1A424A0100DE015B /* Products */;
			projectDirPath = "";
			projectRoot = "";
			targets = (
				AB035E3A1A424A0100DE015B /* fantasyfitness */,
				AB035E521A424A0100DE015B /* fantasyfitnessTests */,
			);
		};
/* End PBXProject section */

/* Begin PBXResourcesBuildPhase section */
		AB035E391A424A0100DE015B /* Resources */ = {
			isa = PBXResourcesBuildPhase;
			buildActionMask = 2147483647;
			files = (
				AB035E491A424A0100DE015B /* Main.storyboard in Resources */,
				AB035E4E1A424A0100DE015B /* LaunchScreen.xib in Resources */,
				AB035E4B1A424A0100DE015B /* Images.xcassets in Resources */,
			);
			runOnlyForDeploymentPostprocessing = 0;
		};
		AB035E511A424A0100DE015B /* Resources */ = {
			isa = PBXResourcesBuildPhase;
			buildActionMask = 2147483647;
			files = (
			);
			runOnlyForDeploymentPostprocessing = 0;
		};
/* End PBXResourcesBuildPhase section */

/* Begin PBXShellScriptBuildPhase section */
		3655D69DE60DB0B4A464F5A8 /* Check Pods Manifest.lock */ = {
			isa = PBXShellScriptBuildPhase;
			buildActionMask = 2147483647;
			files = (
			);
			inputPaths = (
			);
			name = "Check Pods Manifest.lock";
			outputPaths = (
			);
			runOnlyForDeploymentPostprocessing = 0;
			shellPath = /bin/sh;
			shellScript = "diff \"${PODS_ROOT}/../Podfile.lock\" \"${PODS_ROOT}/Manifest.lock\" > /dev/null\nif [[ $? != 0 ]] ; then\n    cat << EOM\nerror: The sandbox is not in sync with the Podfile.lock. Run 'pod install' or update your CocoaPods installation.\nEOM\n    exit 1\nfi\n";
			showEnvVarsInLog = 0;
		};
		5F773B969FC18B5C5AAF5E78 /* Copy Pods Resources */ = {
			isa = PBXShellScriptBuildPhase;
			buildActionMask = 2147483647;
			files = (
			);
			inputPaths = (
			);
			name = "Copy Pods Resources";
			outputPaths = (
			);
			runOnlyForDeploymentPostprocessing = 0;
			shellPath = /bin/sh;
			shellScript = "\"${SRCROOT}/Pods/Target Support Files/Pods-fantasyfitnessTests/Pods-fantasyfitnessTests-resources.sh\"\n";
			showEnvVarsInLog = 0;
		};
		F76D7FB6F384208172BDE556 /* Check Pods Manifest.lock */ = {
			isa = PBXShellScriptBuildPhase;
			buildActionMask = 2147483647;
			files = (
			);
			inputPaths = (
			);
			name = "Check Pods Manifest.lock";
			outputPaths = (
			);
			runOnlyForDeploymentPostprocessing = 0;
			shellPath = /bin/sh;
			shellScript = "diff \"${PODS_ROOT}/../Podfile.lock\" \"${PODS_ROOT}/Manifest.lock\" > /dev/null\nif [[ $? != 0 ]] ; then\n    cat << EOM\nerror: The sandbox is not in sync with the Podfile.lock. Run 'pod install' or update your CocoaPods installation.\nEOM\n    exit 1\nfi\n";
			showEnvVarsInLog = 0;
		};
		F87C245966F9236FC95E1FAA /* Copy Pods Resources */ = {
			isa = PBXShellScriptBuildPhase;
			buildActionMask = 2147483647;
			files = (
			);
			inputPaths = (
			);
			name = "Copy Pods Resources";
			outputPaths = (
			);
			runOnlyForDeploymentPostprocessing = 0;
			shellPath = /bin/sh;
			shellScript = "\"${SRCROOT}/Pods/Target Support Files/Pods/Pods-resources.sh\"\n";
			showEnvVarsInLog = 0;
		};
/* End PBXShellScriptBuildPhase section */

/* Begin PBXSourcesBuildPhase section */
		AB035E371A424A0100DE015B /* Sources */ = {
			isa = PBXSourcesBuildPhase;
			buildActionMask = 2147483647;
			files = (
				AB035E461A424A0100DE015B /* ViewController.swift in Sources */,
				AB035E411A424A0100DE015B /* AppDelegate.swift in Sources */,
				AB035E441A424A0100DE015B /* fantasyfitness.xcdatamodeld in Sources */,
			);
			runOnlyForDeploymentPostprocessing = 0;
		};
		AB035E4F1A424A0100DE015B /* Sources */ = {
			isa = PBXSourcesBuildPhase;
			buildActionMask = 2147483647;
			files = (
				AB035E5A1A424A0100DE015B /* fantasyfitnessTests.swift in Sources */,
			);
			runOnlyForDeploymentPostprocessing = 0;
		};
/* End PBXSourcesBuildPhase section */

/* Begin PBXTargetDependency section */
		AB035E551A424A0100DE015B /* PBXTargetDependency */ = {
			isa = PBXTargetDependency;
			target = AB035E3A1A424A0100DE015B /* fantasyfitness */;
			targetProxy = AB035E541A424A0100DE015B /* PBXContainerItemProxy */;
		};
/* End PBXTargetDependency section */

/* Begin PBXVariantGroup section */
		AB035E471A424A0100DE015B /* Main.storyboard */ = {
			isa = PBXVariantGroup;
			children = (
				AB035E481A424A0100DE015B /* Base */,
			);
			name = Main.storyboard;
			sourceTree = "<group>";
		};
		AB035E4C1A424A0100DE015B /* LaunchScreen.xib */ = {
			isa = PBXVariantGroup;
			children = (
				AB035E4D1A424A0100DE015B /* Base */,
			);
			name = LaunchScreen.xib;
			sourceTree = "<group>";
		};
/* End PBXVariantGroup section */

/* Begin XCBuildConfiguration section */
		AB035E5B1A424A0100DE015B /* Debug */ = {
			isa = XCBuildConfiguration;
			buildSettings = {
				ALWAYS_SEARCH_USER_PATHS = NO;
				CLANG_CXX_LANGUAGE_STANDARD = "gnu++0x";
				CLANG_CXX_LIBRARY = "libc++";
				CLANG_ENABLE_MODULES = YES;
				CLANG_ENABLE_OBJC_ARC = YES;
				CLANG_WARN_BOOL_CONVERSION = YES;
				CLANG_WARN_CONSTANT_CONVERSION = YES;
				CLANG_WARN_DIRECT_OBJC_ISA_USAGE = YES_ERROR;
				CLANG_WARN_EMPTY_BODY = YES;
				CLANG_WARN_ENUM_CONVERSION = YES;
				CLANG_WARN_INT_CONVERSION = YES;
				CLANG_WARN_OBJC_ROOT_CLASS = YES_ERROR;
				CLANG_WARN_UNREACHABLE_CODE = YES;
				CLANG_WARN__DUPLICATE_METHOD_MATCH = YES;
				"CODE_SIGN_IDENTITY[sdk=iphoneos*]" = "iPhone Developer";
				COPY_PHASE_STRIP = NO;
				ENABLE_STRICT_OBJC_MSGSEND = YES;
				GCC_C_LANGUAGE_STANDARD = gnu99;
				GCC_DYNAMIC_NO_PIC = NO;
				GCC_OPTIMIZATION_LEVEL = 0;
				GCC_PREPROCESSOR_DEFINITIONS = (
					"DEBUG=1",
					"$(inherited)",
				);
				GCC_SYMBOLS_PRIVATE_EXTERN = NO;
				GCC_WARN_64_TO_32_BIT_CONVERSION = YES;
				GCC_WARN_ABOUT_RETURN_TYPE = YES_ERROR;
				GCC_WARN_UNDECLARED_SELECTOR = YES;
				GCC_WARN_UNINITIALIZED_AUTOS = YES_AGGRESSIVE;
				GCC_WARN_UNUSED_FUNCTION = YES;
				GCC_WARN_UNUSED_VARIABLE = YES;
				IPHONEOS_DEPLOYMENT_TARGET = 8.1;
				MTL_ENABLE_DEBUG_INFO = YES;
				ONLY_ACTIVE_ARCH = YES;
				SDKROOT = iphoneos;
				SWIFT_OPTIMIZATION_LEVEL = "-Onone";
				TARGETED_DEVICE_FAMILY = "1,2";
			};
			name = Debug;
		};
		AB035E5C1A424A0100DE015B /* Release */ = {
			isa = XCBuildConfiguration;
			buildSettings = {
				ALWAYS_SEARCH_USER_PATHS = NO;
				CLANG_CXX_LANGUAGE_STANDARD = "gnu++0x";
				CLANG_CXX_LIBRARY = "libc++";
				CLANG_ENABLE_MODULES = YES;
				CLANG_ENABLE_OBJC_ARC = YES;
				CLANG_WARN_BOOL_CONVERSION = YES;
				CLANG_WARN_CONSTANT_CONVERSION = YES;
				CLANG_WARN_DIRECT_OBJC_ISA_USAGE = YES_ERROR;
				CLANG_WARN_EMPTY_BODY = YES;
				CLANG_WARN_ENUM_CONVERSION = YES;
				CLANG_WARN_INT_CONVERSION = YES;
				CLANG_WARN_OBJC_ROOT_CLASS = YES_ERROR;
				CLANG_WARN_UNREACHABLE_CODE = YES;
				CLANG_WARN__DUPLICATE_METHOD_MATCH = YES;
				"CODE_SIGN_IDENTITY[sdk=iphoneos*]" = "iPhone Developer";
				COPY_PHASE_STRIP = YES;
				ENABLE_NS_ASSERTIONS = NO;
				ENABLE_STRICT_OBJC_MSGSEND = YES;
				GCC_C_LANGUAGE_STANDARD = gnu99;
				GCC_WARN_64_TO_32_BIT_CONVERSION = YES;
				GCC_WARN_ABOUT_RETURN_TYPE = YES_ERROR;
				GCC_WARN_UNDECLARED_SELECTOR = YES;
				GCC_WARN_UNINITIALIZED_AUTOS = YES_AGGRESSIVE;
				GCC_WARN_UNUSED_FUNCTION = YES;
				GCC_WARN_UNUSED_VARIABLE = YES;
				IPHONEOS_DEPLOYMENT_TARGET = 8.1;
				MTL_ENABLE_DEBUG_INFO = NO;
				SDKROOT = iphoneos;
				TARGETED_DEVICE_FAMILY = "1,2";
				VALIDATE_PRODUCT = YES;
			};
			name = Release;
		};
		AB035E5E1A424A0100DE015B /* Debug */ = {
			isa = XCBuildConfiguration;
			baseConfigurationReference = 9B82D9BD817906D300BAB026 /* Pods.debug.xcconfig */;
			buildSettings = {
				ASSETCATALOG_COMPILER_APPICON_NAME = AppIcon;
				CODE_SIGN_ENTITLEMENTS = fantasyfitness/fantasyfitness.entitlements;
				CODE_SIGN_IDENTITY = "iPhone Developer";
				"CODE_SIGN_IDENTITY[sdk=iphoneos*]" = "iPhone Developer";
				INFOPLIST_FILE = fantasyfitness/Info.plist;
				LD_RUNPATH_SEARCH_PATHS = "$(inherited) @executable_path/Frameworks";
				PRODUCT_NAME = "$(TARGET_NAME)";
				PROVISIONING_PROFILE = "";
				SWIFT_OBJC_BRIDGING_HEADER = "fantasyfitness/fantasyfitness-bridging-header.h";
			};
			name = Debug;
		};
		AB035E5F1A424A0100DE015B /* Release */ = {
			isa = XCBuildConfiguration;
			baseConfigurationReference = F174369C56EC4FB42572D0B9 /* Pods.release.xcconfig */;
			buildSettings = {
				ASSETCATALOG_COMPILER_APPICON_NAME = AppIcon;
				CODE_SIGN_ENTITLEMENTS = fantasyfitness/fantasyfitness.entitlements;
				CODE_SIGN_IDENTITY = "iPhone Developer";
				"CODE_SIGN_IDENTITY[sdk=iphoneos*]" = "iPhone Developer";
				INFOPLIST_FILE = fantasyfitness/Info.plist;
				LD_RUNPATH_SEARCH_PATHS = "$(inherited) @executable_path/Frameworks";
				PRODUCT_NAME = "$(TARGET_NAME)";
				PROVISIONING_PROFILE = "";
				SWIFT_OBJC_BRIDGING_HEADER = "fantasyfitness/fantasyfitness-bridging-header.h";
			};
			name = Release;
		};
		AB035E611A424A0100DE015B /* Debug */ = {
			isa = XCBuildConfiguration;
			baseConfigurationReference = 2BABCF6E705DF8543321E67A /* Pods-fantasyfitnessTests.debug.xcconfig */;
			buildSettings = {
				BUNDLE_LOADER = "$(TEST_HOST)";
				FRAMEWORK_SEARCH_PATHS = (
					"$(SDKROOT)/Developer/Library/Frameworks",
					"$(inherited)",
				);
				GCC_PREPROCESSOR_DEFINITIONS = (
					"DEBUG=1",
					"$(inherited)",
				);
				INFOPLIST_FILE = fantasyfitnessTests/Info.plist;
				LD_RUNPATH_SEARCH_PATHS = "$(inherited) @executable_path/Frameworks @loader_path/Frameworks";
				PRODUCT_NAME = "$(TARGET_NAME)";
				TEST_HOST = "$(BUILT_PRODUCTS_DIR)/fantasyfitness.app/fantasyfitness";
			};
			name = Debug;
		};
		AB035E621A424A0100DE015B /* Release */ = {
			isa = XCBuildConfiguration;
			baseConfigurationReference = 70088F6C04AF06C829471237 /* Pods-fantasyfitnessTests.release.xcconfig */;
			buildSettings = {
				BUNDLE_LOADER = "$(TEST_HOST)";
				FRAMEWORK_SEARCH_PATHS = (
					"$(SDKROOT)/Developer/Library/Frameworks",
					"$(inherited)",
				);
				INFOPLIST_FILE = fantasyfitnessTests/Info.plist;
				LD_RUNPATH_SEARCH_PATHS = "$(inherited) @executable_path/Frameworks @loader_path/Frameworks";
				PRODUCT_NAME = "$(TARGET_NAME)";
				TEST_HOST = "$(BUILT_PRODUCTS_DIR)/fantasyfitness.app/fantasyfitness";
			};
			name = Release;
		};
/* End XCBuildConfiguration section */

/* Begin XCConfigurationList section */
		AB035E361A424A0100DE015B /* Build configuration list for PBXProject "fantasyfitness" */ = {
			isa = XCConfigurationList;
			buildConfigurations = (
				AB035E5B1A424A0100DE015B /* Debug */,
				AB035E5C1A424A0100DE015B /* Release */,
			);
			defaultConfigurationIsVisible = 0;
			defaultConfigurationName = Release;
		};
		AB035E5D1A424A0100DE015B /* Build configuration list for PBXNativeTarget "fantasyfitness" */ = {
			isa = XCConfigurationList;
			buildConfigurations = (
				AB035E5E1A424A0100DE015B /* Debug */,
				AB035E5F1A424A0100DE015B /* Release */,
			);
			defaultConfigurationIsVisible = 0;
			defaultConfigurationName = Release;
		};
		AB035E601A424A0100DE015B /* Build configuration list for PBXNativeTarget "fantasyfitnessTests" */ = {
			isa = XCConfigurationList;
			buildConfigurations = (
				AB035E611A424A0100DE015B /* Debug */,
				AB035E621A424A0100DE015B /* Release */,
			);
			defaultConfigurationIsVisible = 0;
			defaultConfigurationName = Release;
		};
/* End XCConfigurationList section */

/* Begin XCVersionGroup section */
		AB035E421A424A0100DE015B /* fantasyfitness.xcdatamodeld */ = {
			isa = XCVersionGroup;
			children = (
				AB035E431A424A0100DE015B /* fantasyfitness.xcdatamodel */,
			);
			currentVersion = AB035E431A424A0100DE015B /* fantasyfitness.xcdatamodel */;
			path = fantasyfitness.xcdatamodeld;
			sourceTree = "<group>";
			versionGroupType = wrapper.xcdatamodel;
		};
/* End XCVersionGroup section */
	};
	rootObject = AB035E331A424A0100DE015B /* Project object */;
}
